// !$*UTF8*$!
{
	archiveVersion = 1;
	classes = {
	};
	objectVersion = 56;
	objects = {

/* Begin PBXBuildFile section */
		BC13EC6D2E6C790C006D7E2A /* GoogleService-Info.plist in Resources */ = {isa = PBXBuildFile; fileRef = BC13EC6C2E6C790C006D7E2A /* GoogleService-Info.plist */; };
		BC13EC6E2E6C790C006D7E2A /* GoogleService-Info.plist in Resources */ = {isa = PBXBuildFile; fileRef = BC13EC6C2E6C790C006D7E2A /* GoogleService-Info.plist */; };
		BC13EC6F2E6C790C006D7E2A /* GoogleService-Info.plist in Resources */ = {isa = PBXBuildFile; fileRef = BC13EC6C2E6C790C006D7E2A /* GoogleService-Info.plist */; };
		BC13EC722E6C7A85006D7E2A /* FirebaseAuth in Frameworks */ = {isa = PBXBuildFile; productRef = BC13EC712E6C7A85006D7E2A /* FirebaseAuth */; };
		BC13EC742E6C7A85006D7E2A /* FirebaseFirestore in Frameworks */ = {isa = PBXBuildFile; productRef = BC13EC732E6C7A85006D7E2A /* FirebaseFirestore */; };
		BC13EC762E6C7A85006D7E2A /* FirebaseFirestoreSwift in Frameworks */ = {isa = PBXBuildFile; productRef = BC13EC752E6C7A85006D7E2A /* FirebaseFirestoreSwift */; };
		BC13EC782E6C7A85006D7E2A /* FirebaseMessaging in Frameworks */ = {isa = PBXBuildFile; productRef = BC13EC772E6C7A85006D7E2A /* FirebaseMessaging */; };
		BC13EC7A2E6C7A85006D7E2A /* FirebaseStorage in Frameworks */ = {isa = PBXBuildFile; productRef = BC13EC792E6C7A85006D7E2A /* FirebaseStorage */; };
		BC13EC7C2E6C8463006D7E2A /* FirestoreTest.swift in Sources */ = {isa = PBXBuildFile; fileRef = BC13EC7B2E6C8463006D7E2A /* FirestoreTest.swift */; };
		BC13EC7D2E6C8463006D7E2A /* FirestoreTest.swift in Sources */ = {isa = PBXBuildFile; fileRef = BC13EC7B2E6C8463006D7E2A /* FirestoreTest.swift */; };
		BC13EC7E2E6C8463006D7E2A /* FirestoreTest.swift in Sources */ = {isa = PBXBuildFile; fileRef = BC13EC7B2E6C8463006D7E2A /* FirestoreTest.swift */; };
		BC13EC802E6C8866006D7E2A /* AppDelegate.swift in Sources */ = {isa = PBXBuildFile; fileRef = BC13EC7F2E6C8866006D7E2A /* AppDelegate.swift */; };
		BC13EC812E6C8866006D7E2A /* AppDelegate.swift in Sources */ = {isa = PBXBuildFile; fileRef = BC13EC7F2E6C8866006D7E2A /* AppDelegate.swift */; };
		BC13EC822E6C8866006D7E2A /* AppDelegate.swift in Sources */ = {isa = PBXBuildFile; fileRef = BC13EC7F2E6C8866006D7E2A /* AppDelegate.swift */; };
		BC364C812E6C89B4005CE59A /* FirebaseHelpers.swift in Sources */ = {isa = PBXBuildFile; fileRef = BC364C802E6C89B4005CE59A /* FirebaseHelpers.swift */; };
		BC364C832E6C92DA005CE59A /* RootTabView.swift in Sources */ = {isa = PBXBuildFile; fileRef = BC364C822E6C92DA005CE59A /* RootTabView.swift */; };
		BC364C852E6C9305005CE59A /* AddMedicineView.swift in Sources */ = {isa = PBXBuildFile; fileRef = BC364C842E6C9305005CE59A /* AddMedicineView.swift */; };
		BC8E1CCF2E6C040B00EF3DCC /* canvaApp.swift in Sources */ = {isa = PBXBuildFile; fileRef = BC8E1CCE2E6C040B00EF3DCC /* canvaApp.swift */; };
		BC8E1CD12E6C040B00EF3DCC /* ContentView.swift in Sources */ = {isa = PBXBuildFile; fileRef = BC8E1CD02E6C040B00EF3DCC /* ContentView.swift */; };
		BC8E1CD32E6C040E00EF3DCC /* Assets.xcassets in Resources */ = {isa = PBXBuildFile; fileRef = BC8E1CD22E6C040E00EF3DCC /* Assets.xcassets */; };
		BC8E1CD62E6C040E00EF3DCC /* Preview Assets.xcassets in Resources */ = {isa = PBXBuildFile; fileRef = BC8E1CD52E6C040E00EF3DCC /* Preview Assets.xcassets */; };
		BC8E1CE02E6C040E00EF3DCC /* canvaTests.swift in Sources */ = {isa = PBXBuildFile; fileRef = BC8E1CDF2E6C040E00EF3DCC /* canvaTests.swift */; };
		BC8E1CEA2E6C040E00EF3DCC /* canvaUITests.swift in Sources */ = {isa = PBXBuildFile; fileRef = BC8E1CE92E6C040E00EF3DCC /* canvaUITests.swift */; };
		BC8E1CEC2E6C040E00EF3DCC /* canvaUITestsLaunchTests.swift in Sources */ = {isa = PBXBuildFile; fileRef = BC8E1CEB2E6C040E00EF3DCC /* canvaUITestsLaunchTests.swift */; };
/* End PBXBuildFile section */

/* Begin PBXContainerItemProxy section */
		BC8E1CDC2E6C040E00EF3DCC /* PBXContainerItemProxy */ = {
			isa = PBXContainerItemProxy;
			containerPortal = BC8E1CC32E6C040B00EF3DCC /* Project object */;
			proxyType = 1;
			remoteGlobalIDString = BC8E1CCA2E6C040B00EF3DCC;
			remoteInfo = canva;
		};
		BC8E1CE62E6C040E00EF3DCC /* PBXContainerItemProxy */ = {
			isa = PBXContainerItemProxy;
			containerPortal = BC8E1CC32E6C040B00EF3DCC /* Project object */;
			proxyType = 1;
			remoteGlobalIDString = BC8E1CCA2E6C040B00EF3DCC;
			remoteInfo = canva;
		};
/* End PBXContainerItemProxy section */

/* Begin PBXFileReference section */
		BC13EC6C2E6C790C006D7E2A /* GoogleService-Info.plist */ = {isa = PBXFileReference; fileEncoding = 4; lastKnownFileType = text.plist.xml; name = "GoogleService-Info.plist"; path = "../GoogleService-Info.plist"; sourceTree = "<group>"; };
		BC13EC7B2E6C8463006D7E2A /* FirestoreTest.swift */ = {isa = PBXFileReference; lastKnownFileType = sourcecode.swift; path = FirestoreTest.swift; sourceTree = "<group>"; };
		BC13EC7F2E6C8866006D7E2A /* AppDelegate.swift */ = {isa = PBXFileReference; lastKnownFileType = sourcecode.swift; path = AppDelegate.swift; sourceTree = "<group>"; };
		BC364C802E6C89B4005CE59A /* FirebaseHelpers.swift */ = {isa = PBXFileReference; lastKnownFileType = sourcecode.swift; path = FirebaseHelpers.swift; sourceTree = "<group>"; };
		BC364C822E6C92DA005CE59A /* RootTabView.swift */ = {isa = PBXFileReference; lastKnownFileType = sourcecode.swift; path = RootTabView.swift; sourceTree = "<group>"; };
		BC364C842E6C9305005CE59A /* AddMedicineView.swift */ = {isa = PBXFileReference; lastKnownFileType = sourcecode.swift; path = AddMedicineView.swift; sourceTree = "<group>"; };
		BC8E1CCB2E6C040B00EF3DCC /* canva.app */ = {isa = PBXFileReference; explicitFileType = wrapper.application; includeInIndex = 0; path = canva.app; sourceTree = BUILT_PRODUCTS_DIR; };
		BC8E1CCE2E6C040B00EF3DCC /* canvaApp.swift */ = {isa = PBXFileReference; lastKnownFileType = sourcecode.swift; path = canvaApp.swift; sourceTree = "<group>"; };
		BC8E1CD02E6C040B00EF3DCC /* ContentView.swift */ = {isa = PBXFileReference; lastKnownFileType = sourcecode.swift; path = ContentView.swift; sourceTree = "<group>"; };
		BC8E1CD22E6C040E00EF3DCC /* Assets.xcassets */ = {isa = PBXFileReference; lastKnownFileType = folder.assetcatalog; path = Assets.xcassets; sourceTree = "<group>"; };
		BC8E1CD52E6C040E00EF3DCC /* Preview Assets.xcassets */ = {isa = PBXFileReference; lastKnownFileType = folder.assetcatalog; path = "Preview Assets.xcassets"; sourceTree = "<group>"; };
		BC8E1CDB2E6C040E00EF3DCC /* canvaTests.xctest */ = {isa = PBXFileReference; explicitFileType = wrapper.cfbundle; includeInIndex = 0; path = canvaTests.xctest; sourceTree = BUILT_PRODUCTS_DIR; };
		BC8E1CDF2E6C040E00EF3DCC /* canvaTests.swift */ = {isa = PBXFileReference; lastKnownFileType = sourcecode.swift; path = canvaTests.swift; sourceTree = "<group>"; };
		BC8E1CE52E6C040E00EF3DCC /* canvaUITests.xctest */ = {isa = PBXFileReference; explicitFileType = wrapper.cfbundle; includeInIndex = 0; path = canvaUITests.xctest; sourceTree = BUILT_PRODUCTS_DIR; };
		BC8E1CE92E6C040E00EF3DCC /* canvaUITests.swift */ = {isa = PBXFileReference; lastKnownFileType = sourcecode.swift; path = canvaUITests.swift; sourceTree = "<group>"; };
		BC8E1CEB2E6C040E00EF3DCC /* canvaUITestsLaunchTests.swift */ = {isa = PBXFileReference; lastKnownFileType = sourcecode.swift; path = canvaUITestsLaunchTests.swift; sourceTree = "<group>"; };
/* End PBXFileReference section */

/* Begin PBXFrameworksBuildPhase section */
		BC8E1CC82E6C040B00EF3DCC /* Frameworks */ = {
			isa = PBXFrameworksBuildPhase;
			buildActionMask = 2147483647;
			files = (
				BC13EC782E6C7A85006D7E2A /* FirebaseMessaging in Frameworks */,
				BC13EC722E6C7A85006D7E2A /* FirebaseAuth in Frameworks */,
				BC13EC742E6C7A85006D7E2A /* FirebaseFirestore in Frameworks */,
				BC13EC7A2E6C7A85006D7E2A /* FirebaseStorage in Frameworks */,
				BC13EC762E6C7A85006D7E2A /* FirebaseFirestoreSwift in Frameworks */,
			);
			runOnlyForDeploymentPostprocessing = 0;
		};
		BC8E1CD82E6C040E00EF3DCC /* Frameworks */ = {
			isa = PBXFrameworksBuildPhase;
			buildActionMask = 2147483647;
			files = (
			);
			runOnlyForDeploymentPostprocessing = 0;
		};
		BC8E1CE22E6C040E00EF3DCC /* Frameworks */ = {
			isa = PBXFrameworksBuildPhase;
			buildActionMask = 2147483647;
			files = (
			);
			runOnlyForDeploymentPostprocessing = 0;
		};
/* End PBXFrameworksBuildPhase section */

/* Begin PBXGroup section */
		BC8E1CC22E6C040B00EF3DCC = {
			isa = PBXGroup;
			children = (
				BC13EC6C2E6C790C006D7E2A /* GoogleService-Info.plist */,
				BC8E1CCD2E6C040B00EF3DCC /* canva */,
				BC8E1CDE2E6C040E00EF3DCC /* canvaTests */,
				BC8E1CE82E6C040E00EF3DCC /* canvaUITests */,
				BC8E1CCC2E6C040B00EF3DCC /* Products */,
			);
			sourceTree = "<group>";
		};
		BC8E1CCC2E6C040B00EF3DCC /* Products */ = {
			isa = PBXGroup;
			children = (
				BC8E1CCB2E6C040B00EF3DCC /* canva.app */,
				BC8E1CDB2E6C040E00EF3DCC /* canvaTests.xctest */,
				BC8E1CE52E6C040E00EF3DCC /* canvaUITests.xctest */,
			);
			name = Products;
			sourceTree = "<group>";
		};
		BC8E1CCD2E6C040B00EF3DCC /* canva */ = {
			isa = PBXGroup;
			children = (
				BC8E1CCE2E6C040B00EF3DCC /* canvaApp.swift */,
				BC13EC7F2E6C8866006D7E2A /* AppDelegate.swift */,
				BC8E1CD02E6C040B00EF3DCC /* ContentView.swift */,
				BC13EC7B2E6C8463006D7E2A /* FirestoreTest.swift */,
				BC8E1CD22E6C040E00EF3DCC /* Assets.xcassets */,
				BC8E1CD42E6C040E00EF3DCC /* Preview Content */,
				BC364C802E6C89B4005CE59A /* FirebaseHelpers.swift */,
				BC364C822E6C92DA005CE59A /* RootTabView.swift */,
				BC364C842E6C9305005CE59A /* AddMedicineView.swift */,
			);
			path = canva;
			sourceTree = "<group>";
		};
		BC8E1CD42E6C040E00EF3DCC /* Preview Content */ = {
			isa = PBXGroup;
			children = (
				BC8E1CD52E6C040E00EF3DCC /* Preview Assets.xcassets */,
			);
			path = "Preview Content";
			sourceTree = "<group>";
		};
		BC8E1CDE2E6C040E00EF3DCC /* canvaTests */ = {
			isa = PBXGroup;
			children = (
				BC8E1CDF2E6C040E00EF3DCC /* canvaTests.swift */,
			);
			path = canvaTests;
			sourceTree = "<group>";
		};
		BC8E1CE82E6C040E00EF3DCC /* canvaUITests */ = {
			isa = PBXGroup;
			children = (
				BC8E1CE92E6C040E00EF3DCC /* canvaUITests.swift */,
				BC8E1CEB2E6C040E00EF3DCC /* canvaUITestsLaunchTests.swift */,
			);
			path = canvaUITests;
			sourceTree = "<group>";
		};
/* End PBXGroup section */

/* Begin PBXNativeTarget section */
		BC8E1CCA2E6C040B00EF3DCC /* canva */ = {
			isa = PBXNativeTarget;
			buildConfigurationList = BC8E1CEF2E6C040E00EF3DCC /* Build configuration list for PBXNativeTarget "canva" */;
			buildPhases = (
				BC8E1CC72E6C040B00EF3DCC /* Sources */,
				BC8E1CC82E6C040B00EF3DCC /* Frameworks */,
				BC8E1CC92E6C040B00EF3DCC /* Resources */,
			);
			buildRules = (
			);
			dependencies = (
			);
			name = canva;
			packageProductDependencies = (
				BC13EC712E6C7A85006D7E2A /* FirebaseAuth */,
				BC13EC732E6C7A85006D7E2A /* FirebaseFirestore */,
				BC13EC752E6C7A85006D7E2A /* FirebaseFirestoreSwift */,
				BC13EC772E6C7A85006D7E2A /* FirebaseMessaging */,
				BC13EC792E6C7A85006D7E2A /* FirebaseStorage */,
			);
			productName = canva;
			productReference = BC8E1CCB2E6C040B00EF3DCC /* canva.app */;
			productType = "com.apple.product-type.application";
		};
		BC8E1CDA2E6C040E00EF3DCC /* canvaTests */ = {
			isa = PBXNativeTarget;
			buildConfigurationList = BC8E1CF22E6C040E00EF3DCC /* Build configuration list for PBXNativeTarget "canvaTests" */;
			buildPhases = (
				BC8E1CD72E6C040E00EF3DCC /* Sources */,
				BC8E1CD82E6C040E00EF3DCC /* Frameworks */,
				BC8E1CD92E6C040E00EF3DCC /* Resources */,
			);
			buildRules = (
			);
			dependencies = (
				BC8E1CDD2E6C040E00EF3DCC /* PBXTargetDependency */,
			);
			name = canvaTests;
			productName = canvaTests;
			productReference = BC8E1CDB2E6C040E00EF3DCC /* canvaTests.xctest */;
			productType = "com.apple.product-type.bundle.unit-test";
		};
		BC8E1CE42E6C040E00EF3DCC /* canvaUITests */ = {
			isa = PBXNativeTarget;
			buildConfigurationList = BC8E1CF52E6C040E00EF3DCC /* Build configuration list for PBXNativeTarget "canvaUITests" */;
			buildPhases = (
				BC8E1CE12E6C040E00EF3DCC /* Sources */,
				BC8E1CE22E6C040E00EF3DCC /* Frameworks */,
				BC8E1CE32E6C040E00EF3DCC /* Resources */,
			);
			buildRules = (
			);
			dependencies = (
				BC8E1CE72E6C040E00EF3DCC /* PBXTargetDependency */,
			);
			name = canvaUITests;
			productName = canvaUITests;
			productReference = BC8E1CE52E6C040E00EF3DCC /* canvaUITests.xctest */;
			productType = "com.apple.product-type.bundle.ui-testing";
		};
/* End PBXNativeTarget section */

/* Begin PBXProject section */
		BC8E1CC32E6C040B00EF3DCC /* Project object */ = {
			isa = PBXProject;
			attributes = {
				BuildIndependentTargetsInParallel = 1;
				LastSwiftUpdateCheck = 1420;
				LastUpgradeCheck = 1420;
				TargetAttributes = {
					BC8E1CCA2E6C040B00EF3DCC = {
						CreatedOnToolsVersion = 14.2;
					};
					BC8E1CDA2E6C040E00EF3DCC = {
						CreatedOnToolsVersion = 14.2;
						TestTargetID = BC8E1CCA2E6C040B00EF3DCC;
					};
					BC8E1CE42E6C040E00EF3DCC = {
						CreatedOnToolsVersion = 14.2;
						TestTargetID = BC8E1CCA2E6C040B00EF3DCC;
					};
				};
			};
			buildConfigurationList = BC8E1CC62E6C040B00EF3DCC /* Build configuration list for PBXProject "canva" */;
			compatibilityVersion = "Xcode 14.0";
			developmentRegion = en;
			hasScannedForEncodings = 0;
			knownRegions = (
				en,
				Base,
			);
			mainGroup = BC8E1CC22E6C040B00EF3DCC;
			packageReferences = (
				BC13EC702E6C7A84006D7E2A /* XCRemoteSwiftPackageReference "firebase-ios-sdk" */,
			);
			productRefGroup = BC8E1CCC2E6C040B00EF3DCC /* Products */;
			projectDirPath = "";
			projectRoot = "";
			targets = (
				BC8E1CCA2E6C040B00EF3DCC /* canva */,
				BC8E1CDA2E6C040E00EF3DCC /* canvaTests */,
				BC8E1CE42E6C040E00EF3DCC /* canvaUITests */,
			);
		};
/* End PBXProject section */

/* Begin PBXResourcesBuildPhase section */
		BC8E1CC92E6C040B00EF3DCC /* Resources */ = {
			isa = PBXResourcesBuildPhase;
			buildActionMask = 2147483647;
			files = (
				BC8E1CD62E6C040E00EF3DCC /* Preview Assets.xcassets in Resources */,
				BC8E1CD32E6C040E00EF3DCC /* Assets.xcassets in Resources */,
				BC13EC6D2E6C790C006D7E2A /* GoogleService-Info.plist in Resources */,
			);
			runOnlyForDeploymentPostprocessing = 0;
		};
		BC8E1CD92E6C040E00EF3DCC /* Resources */ = {
			isa = PBXResourcesBuildPhase;
			buildActionMask = 2147483647;
			files = (
				BC13EC6E2E6C790C006D7E2A /* GoogleService-Info.plist in Resources */,
			);
			runOnlyForDeploymentPostprocessing = 0;
		};
		BC8E1CE32E6C040E00EF3DCC /* Resources */ = {
			isa = PBXResourcesBuildPhase;
			buildActionMask = 2147483647;
			files = (
				BC13EC6F2E6C790C006D7E2A /* GoogleService-Info.plist in Resources */,
			);
			runOnlyForDeploymentPostprocessing = 0;
		};
/* End PBXResourcesBuildPhase section */

/* Begin PBXSourcesBuildPhase section */
		BC8E1CC72E6C040B00EF3DCC /* Sources */ = {
			isa = PBXSourcesBuildPhase;
			buildActionMask = 2147483647;
			files = (
				BC364C812E6C89B4005CE59A /* FirebaseHelpers.swift in Sources */,
				BC364C852E6C9305005CE59A /* AddMedicineView.swift in Sources */,
				BC13EC802E6C8866006D7E2A /* AppDelegate.swift in Sources */,
				BC8E1CD12E6C040B00EF3DCC /* ContentView.swift in Sources */,
				BC13EC7C2E6C8463006D7E2A /* FirestoreTest.swift in Sources */,
				BC364C832E6C92DA005CE59A /* RootTabView.swift in Sources */,
				BC8E1CCF2E6C040B00EF3DCC /* canvaApp.swift in Sources */,
			);
			runOnlyForDeploymentPostprocessing = 0;
		};
		BC8E1CD72E6C040E00EF3DCC /* Sources */ = {
			isa = PBXSourcesBuildPhase;
			buildActionMask = 2147483647;
			files = (
				BC13EC812E6C8866006D7E2A /* AppDelegate.swift in Sources */,
				BC8E1CE02E6C040E00EF3DCC /* canvaTests.swift in Sources */,
				BC13EC7D2E6C8463006D7E2A /* FirestoreTest.swift in Sources */,
			);
			runOnlyForDeploymentPostprocessing = 0;
		};
		BC8E1CE12E6C040E00EF3DCC /* Sources */ = {
			isa = PBXSourcesBuildPhase;
			buildActionMask = 2147483647;
			files = (
				BC13EC822E6C8866006D7E2A /* AppDelegate.swift in Sources */,
				BC8E1CEC2E6C040E00EF3DCC /* canvaUITestsLaunchTests.swift in Sources */,
				BC13EC7E2E6C8463006D7E2A /* FirestoreTest.swift in Sources */,
				BC8E1CEA2E6C040E00EF3DCC /* canvaUITests.swift in Sources */,
			);
			runOnlyForDeploymentPostprocessing = 0;
		};
/* End PBXSourcesBuildPhase section */

/* Begin PBXTargetDependency section */
		BC8E1CDD2E6C040E00EF3DCC /* PBXTargetDependency */ = {
			isa = PBXTargetDependency;
			target = BC8E1CCA2E6C040B00EF3DCC /* canva */;
			targetProxy = BC8E1CDC2E6C040E00EF3DCC /* PBXContainerItemProxy */;
		};
		BC8E1CE72E6C040E00EF3DCC /* PBXTargetDependency */ = {
			isa = PBXTargetDependency;
			target = BC8E1CCA2E6C040B00EF3DCC /* canva */;
			targetProxy = BC8E1CE62E6C040E00EF3DCC /* PBXContainerItemProxy */;
		};
/* End PBXTargetDependency section */

/* Begin XCBuildConfiguration section */
		BC8E1CED2E6C040E00EF3DCC /* Debug */ = {
			isa = XCBuildConfiguration;
			buildSettings = {
				ALWAYS_SEARCH_USER_PATHS = NO;
				CLANG_ANALYZER_NONNULL = YES;
				CLANG_ANALYZER_NUMBER_OBJECT_CONVERSION = YES_AGGRESSIVE;
				CLANG_CXX_LANGUAGE_STANDARD = "gnu++20";
				CLANG_ENABLE_MODULES = YES;
				CLANG_ENABLE_OBJC_ARC = YES;
				CLANG_ENABLE_OBJC_WEAK = YES;
				CLANG_WARN_BLOCK_CAPTURE_AUTORELEASING = YES;
				CLANG_WARN_BOOL_CONVERSION = YES;
				CLANG_WARN_COMMA = YES;
				CLANG_WARN_CONSTANT_CONVERSION = YES;
				CLANG_WARN_DEPRECATED_OBJC_IMPLEMENTATIONS = YES;
				CLANG_WARN_DIRECT_OBJC_ISA_USAGE = YES_ERROR;
				CLANG_WARN_DOCUMENTATION_COMMENTS = YES;
				CLANG_WARN_EMPTY_BODY = YES;
				CLANG_WARN_ENUM_CONVERSION = YES;
				CLANG_WARN_INFINITE_RECURSION = YES;
				CLANG_WARN_INT_CONVERSION = YES;
				CLANG_WARN_NON_LITERAL_NULL_CONVERSION = YES;
				CLANG_WARN_OBJC_IMPLICIT_RETAIN_SELF = YES;
				CLANG_WARN_OBJC_LITERAL_CONVERSION = YES;
				CLANG_WARN_OBJC_ROOT_CLASS = YES_ERROR;
				CLANG_WARN_QUOTED_INCLUDE_IN_FRAMEWORK_HEADER = YES;
				CLANG_WARN_RANGE_LOOP_ANALYSIS = YES;
				CLANG_WARN_STRICT_PROTOTYPES = YES;
				CLANG_WARN_SUSPICIOUS_MOVE = YES;
				CLANG_WARN_UNGUARDED_AVAILABILITY = YES_AGGRESSIVE;
				CLANG_WARN_UNREACHABLE_CODE = YES;
				CLANG_WARN__DUPLICATE_METHOD_MATCH = YES;
				COPY_PHASE_STRIP = NO;
				DEBUG_INFORMATION_FORMAT = dwarf;
				ENABLE_STRICT_OBJC_MSGSEND = YES;
				ENABLE_TESTABILITY = YES;
				GCC_C_LANGUAGE_STANDARD = gnu11;
				GCC_DYNAMIC_NO_PIC = NO;
				GCC_NO_COMMON_BLOCKS = YES;
				GCC_OPTIMIZATION_LEVEL = 0;
				GCC_PREPROCESSOR_DEFINITIONS = (
					"DEBUG=1",
					"$(inherited)",
				);
				GCC_WARN_64_TO_32_BIT_CONVERSION = YES;
				GCC_WARN_ABOUT_RETURN_TYPE = YES_ERROR;
				GCC_WARN_UNDECLARED_SELECTOR = YES;
				GCC_WARN_UNINITIALIZED_AUTOS = YES_AGGRESSIVE;
				GCC_WARN_UNUSED_FUNCTION = YES;
				GCC_WARN_UNUSED_VARIABLE = YES;
				IPHONEOS_DEPLOYMENT_TARGET = 16.2;
				MTL_ENABLE_DEBUG_INFO = INCLUDE_SOURCE;
				MTL_FAST_MATH = YES;
				ONLY_ACTIVE_ARCH = YES;
				SDKROOT = iphoneos;
				SWIFT_ACTIVE_COMPILATION_CONDITIONS = DEBUG;
				SWIFT_OPTIMIZATION_LEVEL = "-Onone";
			};
			name = Debug;
		};
		BC8E1CEE2E6C040E00EF3DCC /* Release */ = {
			isa = XCBuildConfiguration;
			buildSettings = {
				ALWAYS_SEARCH_USER_PATHS = NO;
				CLANG_ANALYZER_NONNULL = YES;
				CLANG_ANALYZER_NUMBER_OBJECT_CONVERSION = YES_AGGRESSIVE;
				CLANG_CXX_LANGUAGE_STANDARD = "gnu++20";
				CLANG_ENABLE_MODULES = YES;
				CLANG_ENABLE_OBJC_ARC = YES;
				CLANG_ENABLE_OBJC_WEAK = YES;
				CLANG_WARN_BLOCK_CAPTURE_AUTORELEASING = YES;
				CLANG_WARN_BOOL_CONVERSION = YES;
				CLANG_WARN_COMMA = YES;
				CLANG_WARN_CONSTANT_CONVERSION = YES;
				CLANG_WARN_DEPRECATED_OBJC_IMPLEMENTATIONS = YES;
				CLANG_WARN_DIRECT_OBJC_ISA_USAGE = YES_ERROR;
				CLANG_WARN_DOCUMENTATION_COMMENTS = YES;
				CLANG_WARN_EMPTY_BODY = YES;
				CLANG_WARN_ENUM_CONVERSION = YES;
				CLANG_WARN_INFINITE_RECURSION = YES;
				CLANG_WARN_INT_CONVERSION = YES;
				CLANG_WARN_NON_LITERAL_NULL_CONVERSION = YES;
				CLANG_WARN_OBJC_IMPLICIT_RETAIN_SELF = YES;
				CLANG_WARN_OBJC_LITERAL_CONVERSION = YES;
				CLANG_WARN_OBJC_ROOT_CLASS = YES_ERROR;
				CLANG_WARN_QUOTED_INCLUDE_IN_FRAMEWORK_HEADER = YES;
				CLANG_WARN_RANGE_LOOP_ANALYSIS = YES;
				CLANG_WARN_STRICT_PROTOTYPES = YES;
				CLANG_WARN_SUSPICIOUS_MOVE = YES;
				CLANG_WARN_UNGUARDED_AVAILABILITY = YES_AGGRESSIVE;
				CLANG_WARN_UNREACHABLE_CODE = YES;
				CLANG_WARN__DUPLICATE_METHOD_MATCH = YES;
				COPY_PHASE_STRIP = NO;
				DEBUG_INFORMATION_FORMAT = "dwarf-with-dsym";
				ENABLE_NS_ASSERTIONS = NO;
				ENABLE_STRICT_OBJC_MSGSEND = YES;
				GCC_C_LANGUAGE_STANDARD = gnu11;
				GCC_NO_COMMON_BLOCKS = YES;
				GCC_WARN_64_TO_32_BIT_CONVERSION = YES;
				GCC_WARN_ABOUT_RETURN_TYPE = YES_ERROR;
				GCC_WARN_UNDECLARED_SELECTOR = YES;
				GCC_WARN_UNINITIALIZED_AUTOS = YES_AGGRESSIVE;
				GCC_WARN_UNUSED_FUNCTION = YES;
				GCC_WARN_UNUSED_VARIABLE = YES;
				IPHONEOS_DEPLOYMENT_TARGET = 16.2;
				MTL_ENABLE_DEBUG_INFO = NO;
				MTL_FAST_MATH = YES;
				SDKROOT = iphoneos;
				SWIFT_COMPILATION_MODE = wholemodule;
				SWIFT_OPTIMIZATION_LEVEL = "-O";
				VALIDATE_PRODUCT = YES;
			};
			name = Release;
		};
		BC8E1CF02E6C040E00EF3DCC /* Debug */ = {
			isa = XCBuildConfiguration;
			buildSettings = {
				ASSETCATALOG_COMPILER_APPICON_NAME = AppIcon;
				ASSETCATALOG_COMPILER_GLOBAL_ACCENT_COLOR_NAME = AccentColor;
				CODE_SIGN_STYLE = Automatic;
				CURRENT_PROJECT_VERSION = 1;
				DEVELOPMENT_ASSET_PATHS = "\"canva/Preview Content\"";
				ENABLE_PREVIEWS = YES;
				GENERATE_INFOPLIST_FILE = YES;
				INFOPLIST_KEY_UIApplicationSceneManifest_Generation = YES;
				INFOPLIST_KEY_UIApplicationSupportsIndirectInputEvents = YES;
				INFOPLIST_KEY_UILaunchScreen_Generation = YES;
				INFOPLIST_KEY_UISupportedInterfaceOrientations_iPad = "UIInterfaceOrientationPortrait UIInterfaceOrientationPortraitUpsideDown UIInterfaceOrientationLandscapeLeft UIInterfaceOrientationLandscapeRight";
				INFOPLIST_KEY_UISupportedInterfaceOrientations_iPhone = "UIInterfaceOrientationPortrait UIInterfaceOrientationLandscapeLeft UIInterfaceOrientationLandscapeRight";
				IPHONEOS_DEPLOYMENT_TARGET = 15.0;
				LD_RUNPATH_SEARCH_PATHS = (
					"$(inherited)",
					"@executable_path/Frameworks",
				);
				MARKETING_VERSION = 1.0;
				PRODUCT_BUNDLE_IDENTIFIER = usyd.canva;
				PRODUCT_NAME = "$(TARGET_NAME)";
				SWIFT_EMIT_LOC_STRINGS = YES;
				SWIFT_VERSION = 5.0;
				TARGETED_DEVICE_FAMILY = "1,2";
			};
			name = Debug;
		};
		BC8E1CF12E6C040E00EF3DCC /* Release */ = {
			isa = XCBuildConfiguration;
			buildSettings = {
				ASSETCATALOG_COMPILER_APPICON_NAME = AppIcon;
				ASSETCATALOG_COMPILER_GLOBAL_ACCENT_COLOR_NAME = AccentColor;
				CODE_SIGN_STYLE = Automatic;
				CURRENT_PROJECT_VERSION = 1;
				DEVELOPMENT_ASSET_PATHS = "\"canva/Preview Content\"";
				ENABLE_PREVIEWS = YES;
				GENERATE_INFOPLIST_FILE = YES;
				INFOPLIST_KEY_UIApplicationSceneManifest_Generation = YES;
				INFOPLIST_KEY_UIApplicationSupportsIndirectInputEvents = YES;
				INFOPLIST_KEY_UILaunchScreen_Generation = YES;
				INFOPLIST_KEY_UISupportedInterfaceOrientations_iPad = "UIInterfaceOrientationPortrait UIInterfaceOrientationPortraitUpsideDown UIInterfaceOrientationLandscapeLeft UIInterfaceOrientationLandscapeRight";
				INFOPLIST_KEY_UISupportedInterfaceOrientations_iPhone = "UIInterfaceOrientationPortrait UIInterfaceOrientationLandscapeLeft UIInterfaceOrientationLandscapeRight";
				IPHONEOS_DEPLOYMENT_TARGET = 15.0;
				LD_RUNPATH_SEARCH_PATHS = (
					"$(inherited)",
					"@executable_path/Frameworks",
				);
				MARKETING_VERSION = 1.0;
				PRODUCT_BUNDLE_IDENTIFIER = usyd.canva;
				PRODUCT_NAME = "$(TARGET_NAME)";
				SWIFT_EMIT_LOC_STRINGS = YES;
				SWIFT_VERSION = 5.0;
				TARGETED_DEVICE_FAMILY = "1,2";
			};
			name = Release;
		};
		BC8E1CF32E6C040E00EF3DCC /* Debug */ = {
			isa = XCBuildConfiguration;
			buildSettings = {
				ALWAYS_EMBED_SWIFT_STANDARD_LIBRARIES = YES;
				BUNDLE_LOADER = "$(TEST_HOST)";
				CODE_SIGN_STYLE = Automatic;
				CURRENT_PROJECT_VERSION = 1;
				GENERATE_INFOPLIST_FILE = YES;
				IPHONEOS_DEPLOYMENT_TARGET = 16.2;
				MARKETING_VERSION = 1.0;
				PRODUCT_BUNDLE_IDENTIFIER = usyd.canvaTests;
				PRODUCT_NAME = "$(TARGET_NAME)";
				SWIFT_EMIT_LOC_STRINGS = NO;
				SWIFT_VERSION = 5.0;
				TARGETED_DEVICE_FAMILY = "1,2";
				TEST_HOST = "$(BUILT_PRODUCTS_DIR)/canva.app/$(BUNDLE_EXECUTABLE_FOLDER_PATH)/canva";
			};
			name = Debug;
		};
		BC8E1CF42E6C040E00EF3DCC /* Release */ = {
			isa = XCBuildConfiguration;
			buildSettings = {
				ALWAYS_EMBED_SWIFT_STANDARD_LIBRARIES = YES;
				BUNDLE_LOADER = "$(TEST_HOST)";
				CODE_SIGN_STYLE = Automatic;
				CURRENT_PROJECT_VERSION = 1;
				GENERATE_INFOPLIST_FILE = YES;
				IPHONEOS_DEPLOYMENT_TARGET = 16.2;
				MARKETING_VERSION = 1.0;
				PRODUCT_BUNDLE_IDENTIFIER = usyd.canvaTests;
				PRODUCT_NAME = "$(TARGET_NAME)";
				SWIFT_EMIT_LOC_STRINGS = NO;
				SWIFT_VERSION = 5.0;
				TARGETED_DEVICE_FAMILY = "1,2";
				TEST_HOST = "$(BUILT_PRODUCTS_DIR)/canva.app/$(BUNDLE_EXECUTABLE_FOLDER_PATH)/canva";
			};
			name = Release;
		};
		BC8E1CF62E6C040E00EF3DCC /* Debug */ = {
			isa = XCBuildConfiguration;
			buildSettings = {
				ALWAYS_EMBED_SWIFT_STANDARD_LIBRARIES = YES;
				CODE_SIGN_STYLE = Automatic;
				CURRENT_PROJECT_VERSION = 1;
				GENERATE_INFOPLIST_FILE = YES;
				MARKETING_VERSION = 1.0;
				PRODUCT_BUNDLE_IDENTIFIER = usyd.canvaUITests;
				PRODUCT_NAME = "$(TARGET_NAME)";
				SWIFT_EMIT_LOC_STRINGS = NO;
				SWIFT_VERSION = 5.0;
				TARGETED_DEVICE_FAMILY = "1,2";
				TEST_TARGET_NAME = canva;
			};
			name = Debug;
		};
		BC8E1CF72E6C040E00EF3DCC /* Release */ = {
			isa = XCBuildConfiguration;
			buildSettings = {
				ALWAYS_EMBED_SWIFT_STANDARD_LIBRARIES = YES;
				CODE_SIGN_STYLE = Automatic;
				CURRENT_PROJECT_VERSION = 1;
				GENERATE_INFOPLIST_FILE = YES;
				MARKETING_VERSION = 1.0;
				PRODUCT_BUNDLE_IDENTIFIER = usyd.canvaUITests;
				PRODUCT_NAME = "$(TARGET_NAME)";
				SWIFT_EMIT_LOC_STRINGS = NO;
				SWIFT_VERSION = 5.0;
				TARGETED_DEVICE_FAMILY = "1,2";
				TEST_TARGET_NAME = canva;
			};
			name = Release;
		};
/* End XCBuildConfiguration section */

/* Begin XCConfigurationList section */
		BC8E1CC62E6C040B00EF3DCC /* Build configuration list for PBXProject "canva" */ = {
			isa = XCConfigurationList;
			buildConfigurations = (
				BC8E1CED2E6C040E00EF3DCC /* Debug */,
				BC8E1CEE2E6C040E00EF3DCC /* Release */,
			);
			defaultConfigurationIsVisible = 0;
			defaultConfigurationName = Release;
		};
		BC8E1CEF2E6C040E00EF3DCC /* Build configuration list for PBXNativeTarget "canva" */ = {
			isa = XCConfigurationList;
			buildConfigurations = (
				BC8E1CF02E6C040E00EF3DCC /* Debug */,
				BC8E1CF12E6C040E00EF3DCC /* Release */,
			);
			defaultConfigurationIsVisible = 0;
			defaultConfigurationName = Release;
		};
		BC8E1CF22E6C040E00EF3DCC /* Build configuration list for PBXNativeTarget "canvaTests" */ = {
			isa = XCConfigurationList;
			buildConfigurations = (
				BC8E1CF32E6C040E00EF3DCC /* Debug */,
				BC8E1CF42E6C040E00EF3DCC /* Release */,
			);
			defaultConfigurationIsVisible = 0;
			defaultConfigurationName = Release;
		};
		BC8E1CF52E6C040E00EF3DCC /* Build configuration list for PBXNativeTarget "canvaUITests" */ = {
			isa = XCConfigurationList;
			buildConfigurations = (
				BC8E1CF62E6C040E00EF3DCC /* Debug */,
				BC8E1CF72E6C040E00EF3DCC /* Release */,
			);
			defaultConfigurationIsVisible = 0;
			defaultConfigurationName = Release;
		};
/* End XCConfigurationList section */

/* Begin XCRemoteSwiftPackageReference section */
		BC13EC702E6C7A84006D7E2A /* XCRemoteSwiftPackageReference "firebase-ios-sdk" */ = {
			isa = XCRemoteSwiftPackageReference;
			repositoryURL = "https://github.com/firebase/firebase-ios-sdk";
			requirement = {
				kind = upToNextMajorVersion;
				minimumVersion = 9.0.0;
			};
		};
/* End XCRemoteSwiftPackageReference section */

/* Begin XCSwiftPackageProductDependency section */
		BC13EC712E6C7A85006D7E2A /* FirebaseAuth */ = {
			isa = XCSwiftPackageProductDependency;
			package = BC13EC702E6C7A84006D7E2A /* XCRemoteSwiftPackageReference "firebase-ios-sdk" */;
			productName = FirebaseAuth;
		};
		BC13EC732E6C7A85006D7E2A /* FirebaseFirestore */ = {
			isa = XCSwiftPackageProductDependency;
			package = BC13EC702E6C7A84006D7E2A /* XCRemoteSwiftPackageReference "firebase-ios-sdk" */;
			productName = FirebaseFirestore;
		};
		BC13EC752E6C7A85006D7E2A /* FirebaseFirestoreSwift */ = {
			isa = XCSwiftPackageProductDependency;
			package = BC13EC702E6C7A84006D7E2A /* XCRemoteSwiftPackageReference "firebase-ios-sdk" */;
			productName = FirebaseFirestoreSwift;
		};
		BC13EC772E6C7A85006D7E2A /* FirebaseMessaging */ = {
			isa = XCSwiftPackageProductDependency;
			package = BC13EC702E6C7A84006D7E2A /* XCRemoteSwiftPackageReference "firebase-ios-sdk" */;
			productName = FirebaseMessaging;
		};
		BC13EC792E6C7A85006D7E2A /* FirebaseStorage */ = {
			isa = XCSwiftPackageProductDependency;
			package = BC13EC702E6C7A84006D7E2A /* XCRemoteSwiftPackageReference "firebase-ios-sdk" */;
			productName = FirebaseStorage;
		};
/* End XCSwiftPackageProductDependency section */
	};
	rootObject = BC8E1CC32E6C040B00EF3DCC /* Project object */;
}
